
Microsoft Visual Studio Solution File, Format Version 12.00
# Visual Studio 15
VisualStudioVersion = 15.0.26730.10
MinimumVisualStudioVersion = 10.0.40219.1
Project("{FAE04EC0-301F-11D3-BF4B-00C04F79EFBC}") = "GUI", "WindowsFormsApp1\GUI.csproj", "{5E73D397-1A19-450F-944C-7C87261CFE3C}"
EndProject
Project("{FAE04EC0-301F-11D3-BF4B-00C04F79EFBC}") = "VR", "VR\VR.csproj", "{0E89495E-98D7-45DE-998C-995C28AF520F}"
EndProject
Project("{FAE04EC0-301F-11D3-BF4B-00C04F79EFBC}") = "Server", "Server\Server.csproj", "{E9FD6EE8-F544-4C9D-AF42-6033D2DDF97B}"
EndProject
Project("{FAE04EC0-301F-11D3-BF4B-00C04F79EFBC}") = "Client", "Client\Client.csproj", "{A7D1BF78-5589-46A4-8314-FF7E001E1389}"
EndProject
Project("{FAE04EC0-301F-11D3-BF4B-00C04F79EFBC}") = "User", "User\User.csproj", "{0469A384-064D-43FA-B3C0-C51CCC12BCA2}"
EndProject
Global
	GlobalSection(SolutionConfigurationPlatforms) = preSolution
		Debug|Any CPU = Debug|Any CPU
		Release|Any CPU = Release|Any CPU
	EndGlobalSection
	GlobalSection(ProjectConfigurationPlatforms) = postSolution
		{5E73D397-1A19-450F-944C-7C87261CFE3C}.Debug|Any CPU.ActiveCfg = Debug|Any CPU
		{5E73D397-1A19-450F-944C-7C87261CFE3C}.Debug|Any CPU.Build.0 = Debug|Any CPU
		{5E73D397-1A19-450F-944C-7C87261CFE3C}.Release|Any CPU.ActiveCfg = Release|Any CPU
		{5E73D397-1A19-450F-944C-7C87261CFE3C}.Release|Any CPU.Build.0 = Release|Any CPU
		{0E89495E-98D7-45DE-998C-995C28AF520F}.Debug|Any CPU.ActiveCfg = Debug|Any CPU
		{0E89495E-98D7-45DE-998C-995C28AF520F}.Debug|Any CPU.Build.0 = Debug|Any CPU
		{0E89495E-98D7-45DE-998C-995C28AF520F}.Release|Any CPU.ActiveCfg = Release|Any CPU
		{0E89495E-98D7-45DE-998C-995C28AF520F}.Release|Any CPU.Build.0 = Release|Any CPU
		{E9FD6EE8-F544-4C9D-AF42-6033D2DDF97B}.Debug|Any CPU.ActiveCfg = Debug|Any CPU
		{E9FD6EE8-F544-4C9D-AF42-6033D2DDF97B}.Debug|Any CPU.Build.0 = Debug|Any CPU
		{E9FD6EE8-F544-4C9D-AF42-6033D2DDF97B}.Release|Any CPU.ActiveCfg = Release|Any CPU
		{E9FD6EE8-F544-4C9D-AF42-6033D2DDF97B}.Release|Any CPU.Build.0 = Release|Any CPU
		{A7D1BF78-5589-46A4-8314-FF7E001E1389}.Debug|Any CPU.ActiveCfg = Debug|Any CPU
		{A7D1BF78-5589-46A4-8314-FF7E001E1389}.Debug|Any CPU.Build.0 = Debug|Any CPU
		{A7D1BF78-5589-46A4-8314-FF7E001E1389}.Release|Any CPU.ActiveCfg = Release|Any CPU
		{A7D1BF78-5589-46A4-8314-FF7E001E1389}.Release|Any CPU.Build.0 = Release|Any CPU
		{0469A384-064D-43FA-B3C0-C51CCC12BCA2}.Debug|Any CPU.ActiveCfg = Debug|Any CPU
		{0469A384-064D-43FA-B3C0-C51CCC12BCA2}.Debug|Any CPU.Build.0 = Debug|Any CPU
		{0469A384-064D-43FA-B3C0-C51CCC12BCA2}.Release|Any CPU.ActiveCfg = Release|Any CPU
		{0469A384-064D-43FA-B3C0-C51CCC12BCA2}.Release|Any CPU.Build.0 = Release|Any CPU
	EndGlobalSection
	GlobalSection(SolutionProperties) = preSolution
		HideSolutionNode = FALSE
	EndGlobalSection
	GlobalSection(ExtensibilityGlobals) = postSolution
		SolutionGuid = {DC9729AA-79ED-4582-855F-940967C0FBD6}
	EndGlobalSection
EndGlobal
